lockfileVersion: '9.0'

settings:
  autoInstallPeers: true
  excludeLinksFromLockfile: false

importers:

  .:
    devDependencies:
      '@types/node':
        specifier: ^24.10.1
        version: 24.12.2
      '@types/react':
        specifier: ^19.2.4
        version: 19.2.14
      '@types/react-dom':
        specifier: ^19.2.3
        version: 19.2.3(@types/react@19.2.14)
      typescript:
        specifier: ^5.9.3
        version: 5.9.3

  packages/admin-shell:
    dependencies:
      clsx:
        specifier: ^2.1.1
        version: 2.1.1
      lucide-react:
        specifier: ^0.553.0
        version: 0.553.0(react@19.2.5)
      react:
        specifier: ^19.2.5
        version: 19.2.5

  packages/api-client: {}

  packages/remote-ui:
    dependencies:
      clsx:
        specifier: ^2.1.1
        version: 2.1.1
      lucide-react:
        specifier: ^0.553.0
        version: 0.553.0(react@19.2.5)
      react:
        specifier: ^19.2.5
        version: 19.2.5

packages:

  '@types/node@24.12.2':
    resolution: {integrity: sha512-A1sre26ke7HDIuY/M23nd9gfB+nrmhtYyMINbjI1zHJxYteKR6qSMX56FsmjMcDb3SMcjJg5BiRRgOCC/yBD0g==}

  '@types/react-dom@19.2.3':
    resolution: {integrity: sha512-jp2L/eY6fn+KgVVQAOqYItbF0VY/YApe5Mz2F0aykSO8gx31bYCZyvSeYxCHKvzHG5eZjc+zyaS5BrBWya2+kQ==}
    peerDependencies:
      '@types/react': ^19.2.0

  '@types/react@19.2.14':
    resolution: {integrity: sha512-ilcTH/UniCkMdtexkoCN0bI7pMcJDvmQFPvuPvmEaYA/NSfFTAgdUSLAoVjaRJm7+6PvcM+q1zYOwS4wTYMF9w==}

  clsx@2.1.1:
    resolution: {integrity: sha512-eYm0QWBtUrBWZWG0d386OGAw16Z995PiOVo2B7bjWSbHedGl5e0ZWaq65kOGgUSNesEIDkB9ISbTg/JK9dhCZA==}
    engines: {node: '>=6'}

  csstype@3.2.3:
    resolution: {integrity: sha512-z1HGKcYy2xA8AGQfwrn0PAy+PB7X/GSj3UVJW9qKyn43xWa+gl5nXmU4qqLMRzWVLFC8KusUX8T/0kCiOYpAIQ==}

  lucide-react@0.553.0:
    resolution: {integrity: sha512-BRgX5zrWmNy/lkVAe0dXBgd7XQdZ3HTf+Hwe3c9WK6dqgnj9h+hxV+MDncM88xDWlCq27+TKvHGE70ViODNILw==}
    peerDependencies:
      react: ^16.5.1 || ^17.0.0 || ^18.0.0 || ^19.0.0

  react@19.2.5:
    resolution: {integrity: sha512-llUJLzz1zTUBrskt2pwZgLq59AemifIftw4aB7JxOqf1HY2FDaGDxgwpAPVzHU1kdWabH7FauP4i1oEeer2WCA==}
    engines: {node: '>=0.10.0'}

  typescript@5.9.3:
    resolution: {integrity: sha512-jl1vZzPDinLr9eUt3J/t7V6FgNEw9QjvBPdysz9KfQDD41fQrC2Y4vKQdiaUpFT4bXlb1RHhLpp8wtm6M5TgSw==}
    engines: {node: '>=14.17'}
    hasBin: true

  undici-types@7.16.0:
    resolution: {integrity: sha512-Zz+aZWSj8LE6zoxD+xrjh4VfkIG8Ya6LvYkZqtUQGJPZjYl53ypCaUwWqo7eI0x66KBGeRo+mlBEkMSeSZ38Nw==}

snapshots:

  '@types/node@24.12.2':
    dependencies:
      undici-types: 7.16.0

  '@types/react-dom@19.2.3(@types/react@19.2.14)':
    dependencies:
      '@types/react': 19.2.14

  '@types/react@19.2.14':
    dependencies:
      csstype: 3.2.3

  clsx@2.1.1: {}

  csstype@3.2.3: {}

  lucide-react@0.553.0(react@19.2.5):
    dependencies:
      react: 19.2.5

  react@19.2.5: {}

  typescript@5.9.3: {}

  undici-types@7.16.0: {}
