# This file is automatically @generated by Cargo.
# It is not intended for manual editing.
version = 4

[[package]]
name = "app"
version = "0.1.0"
dependencies = [
 "inventory-plugin-alipay",
 "inventory-plugin-other",
 "inventory-plugin-wechat",
 "pay-api",
]

[[package]]
name = "automod"
version = "1.0.17"
source = "registry+https://github.com/rust-lang/crates.io-index"
checksum = "a273e731a7fb8c2268fd2932c9e9a3469f4fd171d85d070d2687190229653bd3"
dependencies = [
 "proc-macro2",
 "quote",
 "syn",
]

[[package]]
name = "inventory"
version = "0.3.24"
source = "registry+https://github.com/rust-lang/crates.io-index"
checksum = "a4f0c30c76f2f4ccee3fe55a2435f691ca00c0e4bd87abe4f4a851b1d4dac39b"
dependencies = [
 "rustversion",
]

[[package]]
name = "inventory-plugin-alipay"
version = "0.1.0"
dependencies = [
 "automod",
 "inventory",
 "pay-api",
]

[[package]]
name = "inventory-plugin-other"
version = "0.1.0"
dependencies = [
 "automod",
 "inventory",
 "pay-api",
]

[[package]]
name = "inventory-plugin-wechat"
version = "0.1.0"
dependencies = [
 "automod",
 "inventory",
 "pay-api",
]

[[package]]
name = "pay-api"
version = "0.1.0"
dependencies = [
 "inventory",
]

[[package]]
name = "proc-macro2"
version = "1.0.106"
source = "registry+https://github.com/rust-lang/crates.io-index"
checksum = "8fd00f0bb2e90d81d1044c2b32617f68fcb9fa3bb7640c23e9c748e53fb30934"
dependencies = [
 "unicode-ident",
]

[[package]]
name = "quote"
version = "1.0.45"
source = "registry+https://github.com/rust-lang/crates.io-index"
checksum = "41f2619966050689382d2b44f664f4bc593e129785a36d6ee376ddf37259b924"
dependencies = [
 "proc-macro2",
]

[[package]]
name = "rustversion"
version = "1.0.22"
source = "registry+https://github.com/rust-lang/crates.io-index"
checksum = "b39cdef0fa800fc44525c84ccb54a029961a8215f9619753635a9c0d2538d46d"

[[package]]
name = "syn"
version = "2.0.117"
source = "registry+https://github.com/rust-lang/crates.io-index"
checksum = "e665b8803e7b1d2a727f4023456bbbbe74da67099c585258af0ad9c5013b9b99"
dependencies = [
 "proc-macro2",
 "quote",
 "unicode-ident",
]

[[package]]
name = "unicode-ident"
version = "1.0.24"
source = "registry+https://github.com/rust-lang/crates.io-index"
checksum = "e6e4313cd5fcd3dad5cafa179702e2b244f760991f45397d14d4ebf38247da75"
