# This file is automatically @generated by Cargo.
# It is not intended for manual editing.
version = 4

[[package]]
name = "app"
version = "0.1.0"
dependencies = [
 "di-plugin-alipay",
 "di-plugin-other",
 "di-plugin-wechat",
 "pay-api",
 "rudi",
]

[[package]]
name = "az-automod"
version = "2026.6.15"
dependencies = [
 "proc-macro2",
 "quote",
 "syn",
]

[[package]]
name = "di-plugin-alipay"
version = "0.1.0"
dependencies = [
 "az-automod",
 "pay-api",
 "rudi",
]

[[package]]
name = "di-plugin-other"
version = "0.1.0"
dependencies = [
 "az-automod",
 "pay-api",
 "rudi",
]

[[package]]
name = "di-plugin-wechat"
version = "0.1.0"
dependencies = [
 "az-automod",
 "pay-api",
 "rudi",
]

[[package]]
name = "from-attr"
version = "0.1.3"
source = "registry+https://github.com/rust-lang/crates.io-index"
checksum = "f9d883686b2b92ebb9d95b7f6fe937334387347b452fc6525a4149e1132ec519"
dependencies = [
 "from-attr-core",
 "from-attr-macro",
 "proc-macro2",
 "syn",
]

[[package]]
name = "from-attr-core"
version = "0.1.3"
source = "registry+https://github.com/rust-lang/crates.io-index"
checksum = "78ae9f8ac9422a0044a44a6ffe1bfb5b72278465415ea5f79451fa4701a7f882"
dependencies = [
 "syn",
]

[[package]]
name = "from-attr-macro"
version = "0.1.3"
source = "registry+https://github.com/rust-lang/crates.io-index"
checksum = "818670a12e40b26279c6abd57606500bd24c2b43db923bd64859f4d8b30d7ca4"
dependencies = [
 "from-attr-core",
 "proc-macro2",
 "quote",
 "quote-use",
 "syn",
]

[[package]]
name = "inventory"
version = "0.3.24"
source = "registry+https://github.com/rust-lang/crates.io-index"
checksum = "a4f0c30c76f2f4ccee3fe55a2435f691ca00c0e4bd87abe4f4a851b1d4dac39b"
dependencies = [
 "rustversion",
]

[[package]]
name = "pay-api"
version = "0.1.0"
dependencies = [
 "rudi",
]

[[package]]
name = "proc-macro-utils"
version = "0.10.0"
source = "registry+https://github.com/rust-lang/crates.io-index"
checksum = "eeaf08a13de400bc215877b5bdc088f241b12eb42f0a548d3390dc1c56bb7071"
dependencies = [
 "proc-macro2",
 "quote",
 "smallvec",
]

[[package]]
name = "proc-macro2"
version = "1.0.106"
source = "registry+https://github.com/rust-lang/crates.io-index"
checksum = "8fd00f0bb2e90d81d1044c2b32617f68fcb9fa3bb7640c23e9c748e53fb30934"
dependencies = [
 "unicode-ident",
]

[[package]]
name = "quote"
version = "1.0.45"
source = "registry+https://github.com/rust-lang/crates.io-index"
checksum = "41f2619966050689382d2b44f664f4bc593e129785a36d6ee376ddf37259b924"
dependencies = [
 "proc-macro2",
]

[[package]]
name = "quote-use"
version = "0.8.4"
source = "registry+https://github.com/rust-lang/crates.io-index"
checksum = "9619db1197b497a36178cfc736dc96b271fe918875fbf1344c436a7e93d0321e"
dependencies = [
 "quote",
 "quote-use-macros",
]

[[package]]
name = "quote-use-macros"
version = "0.8.4"
source = "registry+https://github.com/rust-lang/crates.io-index"
checksum = "82ebfb7faafadc06a7ab141a6f67bcfb24cb8beb158c6fe933f2f035afa99f35"
dependencies = [
 "proc-macro-utils",
 "proc-macro2",
 "quote",
 "syn",
]

[[package]]
name = "rudi"
version = "0.8.3"
source = "registry+https://github.com/rust-lang/crates.io-index"
checksum = "ba13600a8354cf67d7f7dfd06252e8af253ae5ec036bb669c4615a8d05580d54"
dependencies = [
 "inventory",
 "rudi-core",
 "rudi-macro",
]

[[package]]
name = "rudi-core"
version = "0.1.0"
source = "registry+https://github.com/rust-lang/crates.io-index"
checksum = "5f86701107ec8c5aefd855e7740e42c3cc3f2e8676b84a2807cdec67b964f2a5"

[[package]]
name = "rudi-macro"
version = "0.8.3"
source = "registry+https://github.com/rust-lang/crates.io-index"
checksum = "420923dcd2413e220180523dde7f5bd02808b671de7353ecb059768b8977e85c"
dependencies = [
 "from-attr",
 "proc-macro2",
 "quote",
 "rudi-core",
 "syn",
]

[[package]]
name = "rustversion"
version = "1.0.22"
source = "registry+https://github.com/rust-lang/crates.io-index"
checksum = "b39cdef0fa800fc44525c84ccb54a029961a8215f9619753635a9c0d2538d46d"

[[package]]
name = "smallvec"
version = "1.15.2"
source = "registry+https://github.com/rust-lang/crates.io-index"
checksum = "8ed6a63f02c8539c91a8685a86f4099661ba3da017932f6ebbea6de3f0fa7c90"

[[package]]
name = "syn"
version = "2.0.117"
source = "registry+https://github.com/rust-lang/crates.io-index"
checksum = "e665b8803e7b1d2a727f4023456bbbbe74da67099c585258af0ad9c5013b9b99"
dependencies = [
 "proc-macro2",
 "quote",
 "unicode-ident",
]

[[package]]
name = "unicode-ident"
version = "1.0.24"
source = "registry+https://github.com/rust-lang/crates.io-index"
checksum = "e6e4313cd5fcd3dad5cafa179702e2b244f760991f45397d14d4ebf38247da75"
